
Microsoft Visual Studio Solution File, Format Version 12.00
# Visual Studio Version 17
VisualStudioVersion = 17.0.31903.59
MinimumVisualStudioVersion = 10.0.40219.1
Project("{FAE04EC0-301F-11D3-BF4B-00C04F79EFBC}") = "OutSystems.Scriban", "OutSystems.Scriban\OutSystems.Scriban.csproj", "{97FF55D7-9DC3-4042-A008-2B8726292D14}"
EndProject
Project("{FAE04EC0-301F-11D3-BF4B-00C04F79EFBC}") = "OutSystems.Scriban.UnitTests", "OutSystems.Scriban.UnitTests\OutSystems.Scriban.UnitTests.csproj", "{B9D3386E-B5A9-46EF-990D-853E4094EAFE}"
EndProject
Global
	GlobalSection(SolutionConfigurationPlatforms) = preSolution
		Debug|Any CPU = Debug|Any CPU
		Release|Any CPU = Release|Any CPU
	EndGlobalSection
	GlobalSection(SolutionProperties) = preSolution
		HideSolutionNode = FALSE
	EndGlobalSection
	GlobalSection(ProjectConfigurationPlatforms) = postSolution
		{97FF55D7-9DC3-4042-A008-2B8726292D14}.Debug|Any CPU.ActiveCfg = Debug|Any CPU
		{97FF55D7-9DC3-4042-A008-2B8726292D14}.Debug|Any CPU.Build.0 = Debug|Any CPU
		{97FF55D7-9DC3-4042-A008-2B8726292D14}.Release|Any CPU.ActiveCfg = Release|Any CPU
		{97FF55D7-9DC3-4042-A008-2B8726292D14}.Release|Any CPU.Build.0 = Release|Any CPU
		{B9D3386E-B5A9-46EF-990D-853E4094EAFE}.Debug|Any CPU.ActiveCfg = Debug|Any CPU
		{B9D3386E-B5A9-46EF-990D-853E4094EAFE}.Debug|Any CPU.Build.0 = Debug|Any CPU
		{B9D3386E-B5A9-46EF-990D-853E4094EAFE}.Release|Any CPU.ActiveCfg = Release|Any CPU
		{B9D3386E-B5A9-46EF-990D-853E4094EAFE}.Release|Any CPU.Build.0 = Release|Any CPU
	EndGlobalSection
EndGlobal
